
Microsoft Visual Studio Solution File, Format Version 11.00
# Visual Studio 2010
Project("{FAE04EC0-301F-11D3-BF4B-00C04F79EFBC}") = "Worker", "Worker\Worker.csproj", "{D8A82270-F06A-4EAA-BF0F-04EE95F74A6A}"
EndProject
Project("{FAE04EC0-301F-11D3-BF4B-00C04F79EFBC}") = "TestMvc4", "TestMvc4\TestMvc4.csproj", "{C3B65A30-BA2C-42D2-A893-B493D6699F19}"
EndProject
Project("{FAE04EC0-301F-11D3-BF4B-00C04F79EFBC}") = "TestAnObject", "TestAnObject\TestAnObject.csproj", "{803701AE-F3D5-452C-9CBB-F4912AC8FC1E}"
EndProject
Project("{CC5FD16D-436D-48AD-A40C-5A424C6E3E79}") = "TestAzureMVC4", "TestAzureMVC4\TestAzureMVC4.ccproj", "{256A976F-A84C-45BD-9319-9385ECBCB285}"
EndProject
Global
	GlobalSection(SolutionConfigurationPlatforms) = preSolution
		Debug|Any CPU = Debug|Any CPU
		Release|Any CPU = Release|Any CPU
	EndGlobalSection
	GlobalSection(ProjectConfigurationPlatforms) = postSolution
		{D8A82270-F06A-4EAA-BF0F-04EE95F74A6A}.Debug|Any CPU.ActiveCfg = Debug|Any CPU
		{D8A82270-F06A-4EAA-BF0F-04EE95F74A6A}.Debug|Any CPU.Build.0 = Debug|Any CPU
		{D8A82270-F06A-4EAA-BF0F-04EE95F74A6A}.Release|Any CPU.ActiveCfg = Release|Any CPU
		{D8A82270-F06A-4EAA-BF0F-04EE95F74A6A}.Release|Any CPU.Build.0 = Release|Any CPU
		{C3B65A30-BA2C-42D2-A893-B493D6699F19}.Debug|Any CPU.ActiveCfg = Debug|Any CPU
		{C3B65A30-BA2C-42D2-A893-B493D6699F19}.Debug|Any CPU.Build.0 = Debug|Any CPU
		{C3B65A30-BA2C-42D2-A893-B493D6699F19}.Release|Any CPU.ActiveCfg = Release|Any CPU
		{C3B65A30-BA2C-42D2-A893-B493D6699F19}.Release|Any CPU.Build.0 = Release|Any CPU
		{803701AE-F3D5-452C-9CBB-F4912AC8FC1E}.Debug|Any CPU.ActiveCfg = Debug|Any CPU
		{803701AE-F3D5-452C-9CBB-F4912AC8FC1E}.Debug|Any CPU.Build.0 = Debug|Any CPU
		{803701AE-F3D5-452C-9CBB-F4912AC8FC1E}.Release|Any CPU.ActiveCfg = Release|Any CPU
		{803701AE-F3D5-452C-9CBB-F4912AC8FC1E}.Release|Any CPU.Build.0 = Release|Any CPU
		{256A976F-A84C-45BD-9319-9385ECBCB285}.Debug|Any CPU.ActiveCfg = Debug|Any CPU
		{256A976F-A84C-45BD-9319-9385ECBCB285}.Debug|Any CPU.Build.0 = Debug|Any CPU
		{256A976F-A84C-45BD-9319-9385ECBCB285}.Release|Any CPU.ActiveCfg = Release|Any CPU
		{256A976F-A84C-45BD-9319-9385ECBCB285}.Release|Any CPU.Build.0 = Release|Any CPU
	EndGlobalSection
	GlobalSection(SolutionProperties) = preSolution
		HideSolutionNode = FALSE
	EndGlobalSection
EndGlobal
